
Microsoft Visual Studio Solution File, Format Version 12.00
# Visual Studio Version 16
VisualStudioVersion = 16.0.810.19
MinimumVisualStudioVersion = 10.0.40219.1
Project("{FAE04EC0-301F-11D3-BF4B-00C04F79EFBC}") = "DexLK.Authentication", "DexLK.Authentication\DexLK.Authentication.csproj", "{F9865360-FD12-42EA-86FC-1F4918B53916}"
EndProject
Global
	GlobalSection(SolutionConfigurationPlatforms) = preSolution
		Debug|Any CPU = Debug|Any CPU
		Release|Any CPU = Release|Any CPU
	EndGlobalSection
	GlobalSection(ProjectConfigurationPlatforms) = postSolution
		{F9865360-FD12-42EA-86FC-1F4918B53916}.Debug|Any CPU.ActiveCfg = Debug|Any CPU
		{F9865360-FD12-42EA-86FC-1F4918B53916}.Debug|Any CPU.Build.0 = Debug|Any CPU
		{F9865360-FD12-42EA-86FC-1F4918B53916}.Release|Any CPU.ActiveCfg = Release|Any CPU
		{F9865360-FD12-42EA-86FC-1F4918B53916}.Release|Any CPU.Build.0 = Release|Any CPU
	EndGlobalSection
	GlobalSection(SolutionProperties) = preSolution
		HideSolutionNode = FALSE
	EndGlobalSection
	GlobalSection(ExtensibilityGlobals) = postSolution
		SolutionGuid = {4228EAE0-95B6-4792-9045-569BD65482A9}
	EndGlobalSection
EndGlobal
